
Microsoft Visual Studio Solution File, Format Version 12.00
# Visual Studio Version 17
VisualStudioVersion = 17.7.34031.279
MinimumVisualStudioVersion = 10.0.40219.1
Project("{8BC9CEB8-8B4A-11D0-8D11-00A0C91BC942}") = "1-ClearScreen", "0-Demo-VersionGl\0-Demo-VersionGl.vcxproj", "{F31D09FC-2200-467B-854E-E1D69FE47164}"
EndProject
Project("{8BC9CEB8-8B4A-11D0-8D11-00A0C91BC942}") = "2-RotateLetter", "2-RotateLetter\2-RotateLetter.vcxproj", "{6F4903F0-F2A7-48F7-8DF0-D2B410651B4F}"
EndProject
Project("{8BC9CEB8-8B4A-11D0-8D11-00A0C91BC942}") = "3-ShadedLetter", "3-ShadedLetter\3-ShadedLetter.vcxproj", "{7342D6CB-0612-4C8B-AAFA-E72DD797E56D}"
EndProject
Project("{8BC9CEB8-8B4A-11D0-8D11-00A0C91BC942}") = "4-Texture3dLetter", "4-TexturedLetter\4-Texture3dLetter.vcxproj", "{79494982-0A54-4DCE-860F-8486C17598BE}"
EndProject
Project("{8BC9CEB8-8B4A-11D0-8D11-00A0C91BC942}") = "5-SmoothMesh", "5-SmoothMesh\5-SmoothMesh.vcxproj", "{0E352A57-BD29-4D24-BC13-4748CF5435E9}"
EndProject
Project("{8BC9CEB8-8B4A-11D0-8D11-00A0C91BC942}") = "6-BumpyMesh", "6-BumpyMesh\6-BumpyMesh.vcxproj", "{EB9ECFA9-1D2B-4678-8505-E9AC79338DF2}"
EndProject
Project("{8BC9CEB8-8B4A-11D0-8D11-00A0C91BC942}") = "7-BezierCurve", "7-BezierCurve\7-BezierCurve.vcxproj", "{593AEF8D-2A9D-483A-B86D-4D594C833EB1}"
EndProject
Project("{8BC9CEB8-8B4A-11D0-8D11-00A0C91BC942}") = "8-Tess", "8-Tess\8-Tess.vcxproj", "{FB748E97-7FF4-4BDB-B9D7-A44F49D69C90}"
EndProject
Project("{8BC9CEB8-8B4A-11D0-8D11-00A0C91BC942}") = "8-TessPatch", "8-TessPatch\8-TessPatch.vcxproj", "{A9C4AAAC-2588-40D5-ABB5-2261A5276422}"
EndProject
Project("{8BC9CEB8-8B4A-11D0-8D11-00A0C91BC942}") = "9-Assn-Aerial-Flight", "9-Aerial\9-Assn-Aerial-Flight.vcxproj", "{747B4A20-AEDA-4CDC-9550-EB2205D23CA0}"
EndProject
Global
	GlobalSection(SolutionConfigurationPlatforms) = preSolution
		Debug|x64 = Debug|x64
		Debug|x86 = Debug|x86
		Release|x64 = Release|x64
		Release|x86 = Release|x86
	EndGlobalSection
	GlobalSection(ProjectConfigurationPlatforms) = postSolution
		{F31D09FC-2200-467B-854E-E1D69FE47164}.Debug|x64.ActiveCfg = Debug|x64
		{F31D09FC-2200-467B-854E-E1D69FE47164}.Debug|x64.Build.0 = Debug|x64
		{F31D09FC-2200-467B-854E-E1D69FE47164}.Debug|x86.ActiveCfg = Debug|Win32
		{F31D09FC-2200-467B-854E-E1D69FE47164}.Debug|x86.Build.0 = Debug|Win32
		{F31D09FC-2200-467B-854E-E1D69FE47164}.Release|x64.ActiveCfg = Release|x64
		{F31D09FC-2200-467B-854E-E1D69FE47164}.Release|x64.Build.0 = Release|x64
		{F31D09FC-2200-467B-854E-E1D69FE47164}.Release|x86.ActiveCfg = Release|Win32
		{F31D09FC-2200-467B-854E-E1D69FE47164}.Release|x86.Build.0 = Release|Win32
		{6F4903F0-F2A7-48F7-8DF0-D2B410651B4F}.Debug|x64.ActiveCfg = Debug|x64
		{6F4903F0-F2A7-48F7-8DF0-D2B410651B4F}.Debug|x86.ActiveCfg = Debug|Win32
		{6F4903F0-F2A7-48F7-8DF0-D2B410651B4F}.Debug|x86.Build.0 = Debug|Win32
		{6F4903F0-F2A7-48F7-8DF0-D2B410651B4F}.Release|x64.ActiveCfg = Release|x64
		{6F4903F0-F2A7-48F7-8DF0-D2B410651B4F}.Release|x64.Build.0 = Release|x64
		{6F4903F0-F2A7-48F7-8DF0-D2B410651B4F}.Release|x86.ActiveCfg = Release|Win32
		{6F4903F0-F2A7-48F7-8DF0-D2B410651B4F}.Release|x86.Build.0 = Release|Win32
		{7342D6CB-0612-4C8B-AAFA-E72DD797E56D}.Debug|x64.ActiveCfg = Debug|x64
		{7342D6CB-0612-4C8B-AAFA-E72DD797E56D}.Debug|x64.Build.0 = Debug|x64
		{7342D6CB-0612-4C8B-AAFA-E72DD797E56D}.Debug|x86.ActiveCfg = Debug|Win32
		{7342D6CB-0612-4C8B-AAFA-E72DD797E56D}.Debug|x86.Build.0 = Debug|Win32
		{7342D6CB-0612-4C8B-AAFA-E72DD797E56D}.Release|x64.ActiveCfg = Release|x64
		{7342D6CB-0612-4C8B-AAFA-E72DD797E56D}.Release|x64.Build.0 = Release|x64
		{7342D6CB-0612-4C8B-AAFA-E72DD797E56D}.Release|x86.ActiveCfg = Release|Win32
		{7342D6CB-0612-4C8B-AAFA-E72DD797E56D}.Release|x86.Build.0 = Release|Win32
		{79494982-0A54-4DCE-860F-8486C17598BE}.Debug|x64.ActiveCfg = Debug|x64
		{79494982-0A54-4DCE-860F-8486C17598BE}.Debug|x64.Build.0 = Debug|x64
		{79494982-0A54-4DCE-860F-8486C17598BE}.Debug|x86.ActiveCfg = Debug|Win32
		{79494982-0A54-4DCE-860F-8486C17598BE}.Debug|x86.Build.0 = Debug|Win32
		{79494982-0A54-4DCE-860F-8486C17598BE}.Release|x64.ActiveCfg = Release|x64
		{79494982-0A54-4DCE-860F-8486C17598BE}.Release|x64.Build.0 = Release|x64
		{79494982-0A54-4DCE-860F-8486C17598BE}.Release|x86.ActiveCfg = Release|Win32
		{79494982-0A54-4DCE-860F-8486C17598BE}.Release|x86.Build.0 = Release|Win32
		{0E352A57-BD29-4D24-BC13-4748CF5435E9}.Debug|x64.ActiveCfg = Debug|x64
		{0E352A57-BD29-4D24-BC13-4748CF5435E9}.Debug|x64.Build.0 = Debug|x64
		{0E352A57-BD29-4D24-BC13-4748CF5435E9}.Debug|x86.ActiveCfg = Debug|Win32
		{0E352A57-BD29-4D24-BC13-4748CF5435E9}.Debug|x86.Build.0 = Debug|Win32
		{0E352A57-BD29-4D24-BC13-4748CF5435E9}.Release|x64.ActiveCfg = Release|x64
		{0E352A57-BD29-4D24-BC13-4748CF5435E9}.Release|x64.Build.0 = Release|x64
		{0E352A57-BD29-4D24-BC13-4748CF5435E9}.Release|x86.ActiveCfg = Release|Win32
		{0E352A57-BD29-4D24-BC13-4748CF5435E9}.Release|x86.Build.0 = Release|Win32
		{EB9ECFA9-1D2B-4678-8505-E9AC79338DF2}.Debug|x64.ActiveCfg = Debug|x64
		{EB9ECFA9-1D2B-4678-8505-E9AC79338DF2}.Debug|x64.Build.0 = Debug|x64
		{EB9ECFA9-1D2B-4678-8505-E9AC79338DF2}.Debug|x86.ActiveCfg = Debug|Win32
		{EB9ECFA9-1D2B-4678-8505-E9AC79338DF2}.Debug|x86.Build.0 = Debug|Win32
		{EB9ECFA9-1D2B-4678-8505-E9AC79338DF2}.Release|x64.ActiveCfg = Release|x64
		{EB9ECFA9-1D2B-4678-8505-E9AC79338DF2}.Release|x64.Build.0 = Release|x64
		{EB9ECFA9-1D2B-4678-8505-E9AC79338DF2}.Release|x86.ActiveCfg = Release|Win32
		{EB9ECFA9-1D2B-4678-8505-E9AC79338DF2}.Release|x86.Build.0 = Release|Win32
		{593AEF8D-2A9D-483A-B86D-4D594C833EB1}.Debug|x64.ActiveCfg = Debug|x64
		{593AEF8D-2A9D-483A-B86D-4D594C833EB1}.Debug|x64.Build.0 = Debug|x64
		{593AEF8D-2A9D-483A-B86D-4D594C833EB1}.Debug|x86.ActiveCfg = Debug|Win32
		{593AEF8D-2A9D-483A-B86D-4D594C833EB1}.Debug|x86.Build.0 = Debug|Win32
		{593AEF8D-2A9D-483A-B86D-4D594C833EB1}.Release|x64.ActiveCfg = Release|x64
		{593AEF8D-2A9D-483A-B86D-4D594C833EB1}.Release|x64.Build.0 = Release|x64
		{593AEF8D-2A9D-483A-B86D-4D594C833EB1}.Release|x86.ActiveCfg = Release|Win32
		{593AEF8D-2A9D-483A-B86D-4D594C833EB1}.Release|x86.Build.0 = Release|Win32
		{FB748E97-7FF4-4BDB-B9D7-A44F49D69C90}.Debug|x64.ActiveCfg = Debug|x64
		{FB748E97-7FF4-4BDB-B9D7-A44F49D69C90}.Debug|x64.Build.0 = Debug|x64
		{FB748E97-7FF4-4BDB-B9D7-A44F49D69C90}.Debug|x86.ActiveCfg = Debug|Win32
		{FB748E97-7FF4-4BDB-B9D7-A44F49D69C90}.Debug|x86.Build.0 = Debug|Win32
		{FB748E97-7FF4-4BDB-B9D7-A44F49D69C90}.Release|x64.ActiveCfg = Release|x64
		{FB748E97-7FF4-4BDB-B9D7-A44F49D69C90}.Release|x64.Build.0 = Release|x64
		{FB748E97-7FF4-4BDB-B9D7-A44F49D69C90}.Release|x86.ActiveCfg = Release|Win32
		{FB748E97-7FF4-4BDB-B9D7-A44F49D69C90}.Release|x86.Build.0 = Release|Win32
		{A9C4AAAC-2588-40D5-ABB5-2261A5276422}.Debug|x64.ActiveCfg = Debug|x64
		{A9C4AAAC-2588-40D5-ABB5-2261A5276422}.Debug|x64.Build.0 = Debug|x64
		{A9C4AAAC-2588-40D5-ABB5-2261A5276422}.Debug|x86.ActiveCfg = Debug|Win32
		{A9C4AAAC-2588-40D5-ABB5-2261A5276422}.Debug|x86.Build.0 = Debug|Win32
		{A9C4AAAC-2588-40D5-ABB5-2261A5276422}.Release|x64.ActiveCfg = Release|x64
		{A9C4AAAC-2588-40D5-ABB5-2261A5276422}.Release|x64.Build.0 = Release|x64
		{A9C4AAAC-2588-40D5-ABB5-2261A5276422}.Release|x86.ActiveCfg = Release|Win32
		{A9C4AAAC-2588-40D5-ABB5-2261A5276422}.Release|x86.Build.0 = Release|Win32
		{747B4A20-AEDA-4CDC-9550-EB2205D23CA0}.Debug|x64.ActiveCfg = Debug|x64
		{747B4A20-AEDA-4CDC-9550-EB2205D23CA0}.Debug|x64.Build.0 = Debug|x64
		{747B4A20-AEDA-4CDC-9550-EB2205D23CA0}.Debug|x86.ActiveCfg = Debug|Win32
		{747B4A20-AEDA-4CDC-9550-EB2205D23CA0}.Debug|x86.Build.0 = Debug|Win32
		{747B4A20-AEDA-4CDC-9550-EB2205D23CA0}.Release|x64.ActiveCfg = Release|x64
		{747B4A20-AEDA-4CDC-9550-EB2205D23CA0}.Release|x64.Build.0 = Release|x64
		{747B4A20-AEDA-4CDC-9550-EB2205D23CA0}.Release|x86.ActiveCfg = Release|Win32
		{747B4A20-AEDA-4CDC-9550-EB2205D23CA0}.Release|x86.Build.0 = Release|Win32
	EndGlobalSection
	GlobalSection(SolutionProperties) = preSolution
		HideSolutionNode = FALSE
	EndGlobalSection
	GlobalSection(ExtensibilityGlobals) = postSolution
		SolutionGuid = {A4437B90-E693-4A81-924E-91395A86F3D7}
	EndGlobalSection
EndGlobal
